{
  "name": "google-sheets-unmerge",
  "lockfileVersion": 2,
  "requires": true,
  "packages": {
    "": {
      "dependencies": {
        "@types/google-apps-script": "^1.0.74"
      }
    },
    "node_modules/@types/google-apps-script": {
      "version": "1.0.74",
      "resolved": "https://registry.npmjs.org/@types/google-apps-script/-/google-apps-script-1.0.74.tgz",
      "integrity": "sha512-FmPMEzvOWksxlF09DtCoB22GqVTipZph26nl6YsJ5HV6pQNZx2pjFiUTkxxpj2y+a6QlDnwYz/+b+0ILNClybQ=="
    }
  },
  "dependencies": {
    "@types/google-apps-script": {
      "version": "1.0.74",
      "resolved": "https://registry.npmjs.org/@types/google-apps-script/-/google-apps-script-1.0.74.tgz",
      "integrity": "sha512-FmPMEzvOWksxlF09DtCoB22GqVTipZph26nl6YsJ5HV6pQNZx2pjFiUTkxxpj2y+a6QlDnwYz/+b+0ILNClybQ=="
    }
  }
}
